// !$*UTF8*$!
{
	archiveVersion = 1;
	classes = {
	};
	objectVersion = 55;
	objects = {

/* Begin PBXBuildFile section */
		46E6F53A2755AEBB00030AE4 /* Bubble.swift in Sources */ = {isa = PBXBuildFile; fileRef = 46E6F5392755AEBB00030AE4 /* Bubble.swift */; };
/* End PBXBuildFile section */

/* Begin PBXCopyFilesBuildPhase section */
		4604B024271D5FBC00CDFBD9 /* CopyFiles */ = {
			isa = PBXCopyFilesBuildPhase;
			buildActionMask = 2147483647;
			dstPath = /usr/share/man/man1/;
			dstSubfolderSpec = 0;
			files = (
			);
			runOnlyForDeploymentPostprocessing = 1;
		};
/* End PBXCopyFilesBuildPhase section */

/* Begin PBXFileReference section */
		4604B026271D5FBC00CDFBD9 /* Algorithm-Swift */ = {isa = PBXFileReference; explicitFileType = "compiled.mach-o.executable"; includeInIndex = 0; path = "Algorithm-Swift"; sourceTree = BUILT_PRODUCTS_DIR; };
		4604B029271D5FBC00CDFBD9 /* prime_count.swift */ = {isa = PBXFileReference; lastKnownFileType = sourcecode.swift; path = prime_count.swift; sourceTree = "<group>"; };
		4604B032271D64F000CDFBD9 /* withDog.swift */ = {isa = PBXFileReference; lastKnownFileType = sourcecode.swift; path = withDog.swift; sourceTree = "<group>"; };
		4604B034271D667300CDFBD9 /* dog.json */ = {isa = PBXFileReference; lastKnownFileType = text.json; path = dog.json; sourceTree = "<group>"; };
		4604B052271E80C000CDFBD9 /* README.md */ = {isa = PBXFileReference; lastKnownFileType = net.daringfireball.markdown; path = README.md; sourceTree = "<group>"; };
		46372D6B27424BDF0073E03D /* sumOfNumbers.swift */ = {isa = PBXFileReference; lastKnownFileType = sourcecode.swift; path = sumOfNumbers.swift; sourceTree = "<group>"; };
		46372D6E2742523D0073E03D /* Dia_mond.swift */ = {isa = PBXFileReference; lastKnownFileType = sourcecode.swift; path = Dia_mond.swift; sourceTree = "<group>"; };
		46372D71274258F60073E03D /* peaks.swift */ = {isa = PBXFileReference; lastKnownFileType = sourcecode.swift; path = peaks.swift; sourceTree = "<group>"; };
		46E6F5392755AEBB00030AE4 /* Bubble.swift */ = {isa = PBXFileReference; lastKnownFileType = sourcecode.swift; path = Bubble.swift; sourceTree = "<group>"; };
		46FDAD6B27390EEA00590987 /* ScoreCal.swift */ = {isa = PBXFileReference; lastKnownFileType = sourcecode.swift; path = ScoreCal.swift; sourceTree = "<group>"; };
		46FDAD6E2739123000590987 /* Palindrom.swift */ = {isa = PBXFileReference; lastKnownFileType = sourcecode.swift; path = Palindrom.swift; sourceTree = "<group>"; };
		46FDAD732739136A00590987 /* numFilter.swift */ = {isa = PBXFileReference; lastKnownFileType = sourcecode.swift; path = numFilter.swift; sourceTree = "<group>"; };
		46FDAD762739197400590987 /* cradReverse.swift */ = {isa = PBXFileReference; lastKnownFileType = sourcecode.swift; path = cradReverse.swift; sourceTree = "<group>"; };
/* End PBXFileReference section */

/* Begin PBXFrameworksBuildPhase section */
		4604B023271D5FBC00CDFBD9 /* Frameworks */ = {
			isa = PBXFrameworksBuildPhase;
			buildActionMask = 2147483647;
			files = (
			);
			runOnlyForDeploymentPostprocessing = 0;
		};
/* End PBXFrameworksBuildPhase section */

/* Begin PBXGroup section */
		4604B01D271D5FBC00CDFBD9 = {
			isa = PBXGroup;
			children = (
				4604B052271E80C000CDFBD9 /* README.md */,
				4604B028271D5FBC00CDFBD9 /* Algorithm-Swift */,
				4604B027271D5FBC00CDFBD9 /* Products */,
			);
			sourceTree = "<group>";
		};
		4604B027271D5FBC00CDFBD9 /* Products */ = {
			isa = PBXGroup;
			children = (
				4604B026271D5FBC00CDFBD9 /* Algorithm-Swift */,
			);
			name = Products;
			sourceTree = "<group>";
		};
		4604B028271D5FBC00CDFBD9 /* Algorithm-Swift */ = {
			isa = PBXGroup;
			children = (
				46E6F5372755AE9B00030AE4 /* Algorithm */,
				46E6F5362755AE9000030AE4 /* Solve */,
			);
			path = "Algorithm-Swift";
			sourceTree = "<group>";
		};
		4604B030271D5FC100CDFBD9 /* prime_count */ = {
			isa = PBXGroup;
			children = (
				4604B029271D5FBC00CDFBD9 /* prime_count.swift */,
			);
			path = prime_count;
			sourceTree = "<group>";
		};
		4604B031271D64E900CDFBD9 /* withDog */ = {
			isa = PBXGroup;
			children = (
				4604B032271D64F000CDFBD9 /* withDog.swift */,
				4604B034271D667300CDFBD9 /* dog.json */,
			);
			path = withDog;
			sourceTree = "<group>";
		};
		46372D6A27424B1B0073E03D /* SumOfNumber */ = {
			isa = PBXGroup;
			children = (
				46372D6B27424BDF0073E03D /* sumOfNumbers.swift */,
			);
			path = SumOfNumber;
			sourceTree = "<group>";
		};
		46372D6D274251F40073E03D /* Dia_mond */ = {
			isa = PBXGroup;
			children = (
				46372D6E2742523D0073E03D /* Dia_mond.swift */,
			);
			path = Dia_mond;
			sourceTree = "<group>";
		};
		46372D70274258DE0073E03D /* peaks */ = {
			isa = PBXGroup;
			children = (
				46372D71274258F60073E03D /* peaks.swift */,
			);
			path = peaks;
			sourceTree = "<group>";
		};
		46E6F5362755AE9000030AE4 /* Solve */ = {
			isa = PBXGroup;
			children = (
				46372D70274258DE0073E03D /* peaks */,
				46372D6D274251F40073E03D /* Dia_mond */,
				46372D6A27424B1B0073E03D /* SumOfNumber */,
				46FDAD752739196A00590987 /* cardReverse */,
				46FDAD702739135D00590987 /* numFilter */,
				46FDAD6D2739122B00590987 /* Palin */,
				46FDAD6A27390EDC00590987 /* ScoreCal */,
				4604B031271D64E900CDFBD9 /* withDog */,
				4604B030271D5FC100CDFBD9 /* prime_count */,
			);
			path = Solve;
			sourceTree = "<group>";
		};
		46E6F5372755AE9B00030AE4 /* Algorithm */ = {
			isa = PBXGroup;
			children = (
				46E6F5382755AEA000030AE4 /* Sort */,
			);
			path = Algorithm;
			sourceTree = "<group>";
		};
		46E6F5382755AEA000030AE4 /* Sort */ = {
			isa = PBXGroup;
			children = (
				46E6F5392755AEBB00030AE4 /* Bubble.swift */,
			);
			path = Sort;
			sourceTree = "<group>";
		};
		46FDAD6A27390EDC00590987 /* ScoreCal */ = {
			isa = PBXGroup;
			children = (
				46FDAD6B27390EEA00590987 /* ScoreCal.swift */,
			);
			path = ScoreCal;
			sourceTree = "<group>";
		};
		46FDAD6D2739122B00590987 /* Palin */ = {
			isa = PBXGroup;
			children = (
				46FDAD6E2739123000590987 /* Palindrom.swift */,
			);
			path = Palin;
			sourceTree = "<group>";
		};
		46FDAD702739135D00590987 /* numFilter */ = {
			isa = PBXGroup;
			children = (
				46FDAD732739136A00590987 /* numFilter.swift */,
			);
			path = numFilter;
			sourceTree = "<group>";
		};
		46FDAD752739196A00590987 /* cardReverse */ = {
			isa = PBXGroup;
			children = (
				46FDAD762739197400590987 /* cradReverse.swift */,
			);
			path = cardReverse;
			sourceTree = "<group>";
		};
/* End PBXGroup section */

/* Begin PBXNativeTarget section */
		4604B025271D5FBC00CDFBD9 /* Algorithm-Swift */ = {
			isa = PBXNativeTarget;
			buildConfigurationList = 4604B02D271D5FBC00CDFBD9 /* Build configuration list for PBXNativeTarget "Algorithm-Swift" */;
			buildPhases = (
				4604B022271D5FBC00CDFBD9 /* Sources */,
				4604B023271D5FBC00CDFBD9 /* Frameworks */,
				4604B024271D5FBC00CDFBD9 /* CopyFiles */,
			);
			buildRules = (
			);
			dependencies = (
			);
			name = "Algorithm-Swift";
			productName = "Algorithm-Swift";
			productReference = 4604B026271D5FBC00CDFBD9 /* Algorithm-Swift */;
			productType = "com.apple.product-type.tool";
		};
/* End PBXNativeTarget section */

/* Begin PBXProject section */
		4604B01E271D5FBC00CDFBD9 /* Project object */ = {
			isa = PBXProject;
			attributes = {
				BuildIndependentTargetsInParallel = 1;
				LastSwiftUpdateCheck = 1300;
				LastUpgradeCheck = 1300;
				TargetAttributes = {
					4604B025271D5FBC00CDFBD9 = {
						CreatedOnToolsVersion = 13.0;
						LastSwiftMigration = 1310;
					};
				};
			};
			buildConfigurationList = 4604B021271D5FBC00CDFBD9 /* Build configuration list for PBXProject "Algorithm-Swift" */;
			compatibilityVersion = "Xcode 13.0";
			developmentRegion = en;
			hasScannedForEncodings = 0;
			knownRegions = (
				en,
				Base,
			);
			mainGroup = 4604B01D271D5FBC00CDFBD9;
			productRefGroup = 4604B027271D5FBC00CDFBD9 /* Products */;
			projectDirPath = "";
			projectRoot = "";
			targets = (
				4604B025271D5FBC00CDFBD9 /* Algorithm-Swift */,
			);
		};
/* End PBXProject section */

/* Begin PBXSourcesBuildPhase section */
		4604B022271D5FBC00CDFBD9 /* Sources */ = {
			isa = PBXSourcesBuildPhase;
			buildActionMask = 2147483647;
			files = (
				46E6F53A2755AEBB00030AE4 /* Bubble.swift in Sources */,
			);
			runOnlyForDeploymentPostprocessing = 0;
		};
/* End PBXSourcesBuildPhase section */

/* Begin XCBuildConfiguration section */
		4604B02B271D5FBC00CDFBD9 /* Debug */ = {
			isa = XCBuildConfiguration;
			buildSettings = {
				ALWAYS_SEARCH_USER_PATHS = NO;
				CLANG_ANALYZER_NONNULL = YES;
				CLANG_ANALYZER_NUMBER_OBJECT_CONVERSION = YES_AGGRESSIVE;
				CLANG_CXX_LANGUAGE_STANDARD = "gnu++17";
				CLANG_CXX_LIBRARY = "libc++";
				CLANG_ENABLE_MODULES = YES;
				CLANG_ENABLE_OBJC_ARC = YES;
				CLANG_ENABLE_OBJC_WEAK = YES;
				CLANG_WARN_BLOCK_CAPTURE_AUTORELEASING = YES;
				CLANG_WARN_BOOL_CONVERSION = YES;
				CLANG_WARN_COMMA = YES;
				CLANG_WARN_CONSTANT_CONVERSION = YES;
				CLANG_WARN_DEPRECATED_OBJC_IMPLEMENTATIONS = YES;
				CLANG_WARN_DIRECT_OBJC_ISA_USAGE = YES_ERROR;
				CLANG_WARN_DOCUMENTATION_COMMENTS = YES;
				CLANG_WARN_EMPTY_BODY = YES;
				CLANG_WARN_ENUM_CONVERSION = YES;
				CLANG_WARN_INFINITE_RECURSION = YES;
				CLANG_WARN_INT_CONVERSION = YES;
				CLANG_WARN_NON_LITERAL_NULL_CONVERSION = YES;
				CLANG_WARN_OBJC_IMPLICIT_RETAIN_SELF = YES;
				CLANG_WARN_OBJC_LITERAL_CONVERSION = YES;
				CLANG_WARN_OBJC_ROOT_CLASS = YES_ERROR;
				CLANG_WARN_QUOTED_INCLUDE_IN_FRAMEWORK_HEADER = YES;
				CLANG_WARN_RANGE_LOOP_ANALYSIS = YES;
				CLANG_WARN_STRICT_PROTOTYPES = YES;
				CLANG_WARN_SUSPICIOUS_MOVE = YES;
				CLANG_WARN_UNGUARDED_AVAILABILITY = YES_AGGRESSIVE;
				CLANG_WARN_UNREACHABLE_CODE = YES;
				CLANG_WARN__DUPLICATE_METHOD_MATCH = YES;
				COPY_PHASE_STRIP = NO;
				DEBUG_INFORMATION_FORMAT = dwarf;
				ENABLE_STRICT_OBJC_MSGSEND = YES;
				ENABLE_TESTABILITY = YES;
				GCC_C_LANGUAGE_STANDARD = gnu11;
				GCC_DYNAMIC_NO_PIC = NO;
				GCC_NO_COMMON_BLOCKS = YES;
				GCC_OPTIMIZATION_LEVEL = 0;
				GCC_PREPROCESSOR_DEFINITIONS = (
					"DEBUG=1",
					"$(inherited)",
				);
				GCC_WARN_64_TO_32_BIT_CONVERSION = YES;
				GCC_WARN_ABOUT_RETURN_TYPE = YES_ERROR;
				GCC_WARN_UNDECLARED_SELECTOR = YES;
				GCC_WARN_UNINITIALIZED_AUTOS = YES_AGGRESSIVE;
				GCC_WARN_UNUSED_FUNCTION = YES;
				GCC_WARN_UNUSED_VARIABLE = YES;
				MACOSX_DEPLOYMENT_TARGET = 11.3;
				MTL_ENABLE_DEBUG_INFO = INCLUDE_SOURCE;
				MTL_FAST_MATH = YES;
				ONLY_ACTIVE_ARCH = YES;
				SDKROOT = macosx;
				SWIFT_ACTIVE_COMPILATION_CONDITIONS = DEBUG;
				SWIFT_OPTIMIZATION_LEVEL = "-Onone";
			};
			name = Debug;
		};
		4604B02C271D5FBC00CDFBD9 /* Release */ = {
			isa = XCBuildConfiguration;
			buildSettings = {
				ALWAYS_SEARCH_USER_PATHS = NO;
				CLANG_ANALYZER_NONNULL = YES;
				CLANG_ANALYZER_NUMBER_OBJECT_CONVERSION = YES_AGGRESSIVE;
				CLANG_CXX_LANGUAGE_STANDARD = "gnu++17";
				CLANG_CXX_LIBRARY = "libc++";
				CLANG_ENABLE_MODULES = YES;
				CLANG_ENABLE_OBJC_ARC = YES;
				CLANG_ENABLE_OBJC_WEAK = YES;
				CLANG_WARN_BLOCK_CAPTURE_AUTORELEASING = YES;
				CLANG_WARN_BOOL_CONVERSION = YES;
				CLANG_WARN_COMMA = YES;
				CLANG_WARN_CONSTANT_CONVERSION = YES;
				CLANG_WARN_DEPRECATED_OBJC_IMPLEMENTATIONS = YES;
				CLANG_WARN_DIRECT_OBJC_ISA_USAGE = YES_ERROR;
				CLANG_WARN_DOCUMENTATION_COMMENTS = YES;
				CLANG_WARN_EMPTY_BODY = YES;
				CLANG_WARN_ENUM_CONVERSION = YES;
				CLANG_WARN_INFINITE_RECURSION = YES;
				CLANG_WARN_INT_CONVERSION = YES;
				CLANG_WARN_NON_LITERAL_NULL_CONVERSION = YES;
				CLANG_WARN_OBJC_IMPLICIT_RETAIN_SELF = YES;
				CLANG_WARN_OBJC_LITERAL_CONVERSION = YES;
				CLANG_WARN_OBJC_ROOT_CLASS = YES_ERROR;
				CLANG_WARN_QUOTED_INCLUDE_IN_FRAMEWORK_HEADER = YES;
				CLANG_WARN_RANGE_LOOP_ANALYSIS = YES;
				CLANG_WARN_STRICT_PROTOTYPES = YES;
				CLANG_WARN_SUSPICIOUS_MOVE = YES;
				CLANG_WARN_UNGUARDED_AVAILABILITY = YES_AGGRESSIVE;
				CLANG_WARN_UNREACHABLE_CODE = YES;
				CLANG_WARN__DUPLICATE_METHOD_MATCH = YES;
				COPY_PHASE_STRIP = NO;
				DEBUG_INFORMATION_FORMAT = "dwarf-with-dsym";
				ENABLE_NS_ASSERTIONS = NO;
				ENABLE_STRICT_OBJC_MSGSEND = YES;
				GCC_C_LANGUAGE_STANDARD = gnu11;
				GCC_NO_COMMON_BLOCKS = YES;
				GCC_WARN_64_TO_32_BIT_CONVERSION = YES;
				GCC_WARN_ABOUT_RETURN_TYPE = YES_ERROR;
				GCC_WARN_UNDECLARED_SELECTOR = YES;
				GCC_WARN_UNINITIALIZED_AUTOS = YES_AGGRESSIVE;
				GCC_WARN_UNUSED_FUNCTION = YES;
				GCC_WARN_UNUSED_VARIABLE = YES;
				MACOSX_DEPLOYMENT_TARGET = 11.3;
				MTL_ENABLE_DEBUG_INFO = NO;
				MTL_FAST_MATH = YES;
				SDKROOT = macosx;
				SWIFT_COMPILATION_MODE = wholemodule;
				SWIFT_OPTIMIZATION_LEVEL = "-O";
			};
			name = Release;
		};
		4604B02E271D5FBC00CDFBD9 /* Debug */ = {
			isa = XCBuildConfiguration;
			buildSettings = {
				CLANG_ENABLE_MODULES = YES;
				CODE_SIGN_STYLE = Automatic;
				LD_RUNPATH_SEARCH_PATHS = (
					"$(inherited)",
					"@executable_path/../Frameworks",
					"@loader_path/../Frameworks",
				);
				PRODUCT_NAME = "$(TARGET_NAME)";
				SWIFT_OPTIMIZATION_LEVEL = "-Onone";
				SWIFT_VERSION = 5.0;
			};
			name = Debug;
		};
		4604B02F271D5FBC00CDFBD9 /* Release */ = {
			isa = XCBuildConfiguration;
			buildSettings = {
				CLANG_ENABLE_MODULES = YES;
				CODE_SIGN_STYLE = Automatic;
				LD_RUNPATH_SEARCH_PATHS = (
					"$(inherited)",
					"@executable_path/../Frameworks",
					"@loader_path/../Frameworks",
				);
				PRODUCT_NAME = "$(TARGET_NAME)";
				SWIFT_VERSION = 5.0;
			};
			name = Release;
		};
/* End XCBuildConfiguration section */

/* Begin XCConfigurationList section */
		4604B021271D5FBC00CDFBD9 /* Build configuration list for PBXProject "Algorithm-Swift" */ = {
			isa = XCConfigurationList;
			buildConfigurations = (
				4604B02B271D5FBC00CDFBD9 /* Debug */,
				4604B02C271D5FBC00CDFBD9 /* Release */,
			);
			defaultConfigurationIsVisible = 0;
			defaultConfigurationName = Release;
		};
		4604B02D271D5FBC00CDFBD9 /* Build configuration list for PBXNativeTarget "Algorithm-Swift" */ = {
			isa = XCConfigurationList;
			buildConfigurations = (
				4604B02E271D5FBC00CDFBD9 /* Debug */,
				4604B02F271D5FBC00CDFBD9 /* Release */,
			);
			defaultConfigurationIsVisible = 0;
			defaultConfigurationName = Release;
		};
/* End XCConfigurationList section */
	};
	rootObject = 4604B01E271D5FBC00CDFBD9 /* Project object */;
}
